
Microsoft Visual Studio Solution File, Format Version 12.00
# Visual Studio 2013
VisualStudioVersion = 12.0.30110.0
MinimumVisualStudioVersion = 10.0.40219.1
Project("{F2A71F9B-5D33-465A-A702-920D77279786}") = "Twitter", "Twitter.fsproj", "{9CC6CC5B-E8BA-46B8-A4FC-A309C3DD811C}"
EndProject
Global
	GlobalSection(SolutionConfigurationPlatforms) = preSolution
		Debug|Any CPU = Debug|Any CPU
		Release|Any CPU = Release|Any CPU
	EndGlobalSection
	GlobalSection(ProjectConfigurationPlatforms) = postSolution
		{9CC6CC5B-E8BA-46B8-A4FC-A309C3DD811C}.Debug|Any CPU.ActiveCfg = Debug|Any CPU
		{9CC6CC5B-E8BA-46B8-A4FC-A309C3DD811C}.Debug|Any CPU.Build.0 = Debug|Any CPU
		{9CC6CC5B-E8BA-46B8-A4FC-A309C3DD811C}.Release|Any CPU.ActiveCfg = Release|Any CPU
		{9CC6CC5B-E8BA-46B8-A4FC-A309C3DD811C}.Release|Any CPU.Build.0 = Release|Any CPU
	EndGlobalSection
	GlobalSection(SolutionProperties) = preSolution
		HideSolutionNode = FALSE
	EndGlobalSection
EndGlobal
